<Solution>
  <Folder Name="/core/">
    <Project Path="ApplicationService/ApplicationService.csproj" />
    <Project Path="DomainLogic/DomainLogic.csproj" />
  </Folder>
  <Folder Name="/tests/">
    <Project Path="../../tests/DomainLogic.UnitTests/DomainLogic.UnitTests.csproj" />
  </Folder>
</Solution>
